
Microsoft Visual Studio Solution File, Format Version 12.00
# Visual Studio Version 16
VisualStudioVersion = 16.0.34407.143
MinimumVisualStudioVersion = 10.0.40219.1
Project("{8BC9CEB8-8B4A-11D0-8D11-00A0C91BC942}") = "HW2Q3", "HW2Q3.vcxproj", "{96AE449C-7D9B-4477-B3C4-D29D6248B62A}"
EndProject
Global
	GlobalSection(SolutionConfigurationPlatforms) = preSolution
		Debug|x64 = Debug|x64
		Debug|x86 = Debug|x86
		Release|x64 = Release|x64
		Release|x86 = Release|x86
	EndGlobalSection
	GlobalSection(ProjectConfigurationPlatforms) = postSolution
		{96AE449C-7D9B-4477-B3C4-D29D6248B62A}.Debug|x64.ActiveCfg = Debug|x64
		{96AE449C-7D9B-4477-B3C4-D29D6248B62A}.Debug|x64.Build.0 = Debug|x64
		{96AE449C-7D9B-4477-B3C4-D29D6248B62A}.Debug|x86.ActiveCfg = Debug|Win32
		{96AE449C-7D9B-4477-B3C4-D29D6248B62A}.Debug|x86.Build.0 = Debug|Win32
		{96AE449C-7D9B-4477-B3C4-D29D6248B62A}.Release|x64.ActiveCfg = Release|x64
		{96AE449C-7D9B-4477-B3C4-D29D6248B62A}.Release|x64.Build.0 = Release|x64
		{96AE449C-7D9B-4477-B3C4-D29D6248B62A}.Release|x86.ActiveCfg = Release|Win32
		{96AE449C-7D9B-4477-B3C4-D29D6248B62A}.Release|x86.Build.0 = Release|Win32
	EndGlobalSection
	GlobalSection(SolutionProperties) = preSolution
		HideSolutionNode = FALSE
	EndGlobalSection
	GlobalSection(ExtensibilityGlobals) = postSolution
		SolutionGuid = {E7A5511A-4608-4D4E-93D3-718BC0490E68}
	EndGlobalSection
EndGlobal
